// !$*UTF8*$!
{
	archiveVersion = 1;
	classes = {
	};
	objectVersion = 56;
	objects = {

/* Begin PBXBuildFile section */
		B2538B932A34551D00B7C3F0 /* LoggedInRouter.swift in Sources */ = {isa = PBXBuildFile; fileRef = B2538B902A34551D00B7C3F0 /* LoggedInRouter.swift */; };
		B2538B942A34551D00B7C3F0 /* LoggedInBuilder.swift in Sources */ = {isa = PBXBuildFile; fileRef = B2538B912A34551D00B7C3F0 /* LoggedInBuilder.swift */; };
		B2538B952A34551D00B7C3F0 /* LoggedInInteractor.swift in Sources */ = {isa = PBXBuildFile; fileRef = B2538B922A34551D00B7C3F0 /* LoggedInInteractor.swift */; };
		B28204F32A345EB100F9242F /* RootComponent.swift in Sources */ = {isa = PBXBuildFile; fileRef = B28204F22A345EB100F9242F /* RootComponent.swift */; };
		B28205022A346FDD00F9242F /* ProfileHomeRouter.swift in Sources */ = {isa = PBXBuildFile; fileRef = B28204FE2A346FDD00F9242F /* ProfileHomeRouter.swift */; };
		B28205032A346FDD00F9242F /* ProfileHomeViewController.swift in Sources */ = {isa = PBXBuildFile; fileRef = B28204FF2A346FDD00F9242F /* ProfileHomeViewController.swift */; };
		B28205042A346FDD00F9242F /* ProfileHomeBuilder.swift in Sources */ = {isa = PBXBuildFile; fileRef = B28205002A346FDD00F9242F /* ProfileHomeBuilder.swift */; };
		B28205052A346FDD00F9242F /* ProfileHomeInteractor.swift in Sources */ = {isa = PBXBuildFile; fileRef = B28205012A346FDD00F9242F /* ProfileHomeInteractor.swift */; };
		B282050A2A34700300F9242F /* EventHomeRouter.swift in Sources */ = {isa = PBXBuildFile; fileRef = B28205062A34700300F9242F /* EventHomeRouter.swift */; };
		B282050B2A34700300F9242F /* EventHomeViewController.swift in Sources */ = {isa = PBXBuildFile; fileRef = B28205072A34700300F9242F /* EventHomeViewController.swift */; };
		B282050C2A34700300F9242F /* EventHomeBuilder.swift in Sources */ = {isa = PBXBuildFile; fileRef = B28205082A34700300F9242F /* EventHomeBuilder.swift */; };
		B282050D2A34700300F9242F /* EventHomeInteractor.swift in Sources */ = {isa = PBXBuildFile; fileRef = B28205092A34700300F9242F /* EventHomeInteractor.swift */; };
		B28205122A34702B00F9242F /* ProductHomeRouter.swift in Sources */ = {isa = PBXBuildFile; fileRef = B282050E2A34702B00F9242F /* ProductHomeRouter.swift */; };
		B28205132A34702B00F9242F /* ProductHomeViewController.swift in Sources */ = {isa = PBXBuildFile; fileRef = B282050F2A34702B00F9242F /* ProductHomeViewController.swift */; };
		B28205142A34702B00F9242F /* ProductHomeBuilder.swift in Sources */ = {isa = PBXBuildFile; fileRef = B28205102A34702B00F9242F /* ProductHomeBuilder.swift */; };
		B28205152A34702B00F9242F /* ProductHomeInteractor.swift in Sources */ = {isa = PBXBuildFile; fileRef = B28205112A34702B00F9242F /* ProductHomeInteractor.swift */; };
		B2A57BEB2A2C7596005DB83E /* KakaoSDKAuth in Frameworks */ = {isa = PBXBuildFile; productRef = B2A57BEA2A2C7596005DB83E /* KakaoSDKAuth */; };
		B2A57BED2A2C7596005DB83E /* KakaoSDKCommon in Frameworks */ = {isa = PBXBuildFile; productRef = B2A57BEC2A2C7596005DB83E /* KakaoSDKCommon */; };
		B2A57BEF2A2C7596005DB83E /* KakaoSDKUser in Frameworks */ = {isa = PBXBuildFile; productRef = B2A57BEE2A2C7596005DB83E /* KakaoSDKUser */; };
		B2A57C3F2A2EF917005DB83E /* KakaoLoginService.swift in Sources */ = {isa = PBXBuildFile; fileRef = B2A57C3E2A2EF917005DB83E /* KakaoLoginService.swift */; };
		B2B289D82A3459D700F7F1C4 /* SnapKit in Frameworks */ = {isa = PBXBuildFile; productRef = B2B289D72A3459D700F7F1C4 /* SnapKit */; };
		B2B289DB2A3459E700F7F1C4 /* Alamofire in Frameworks */ = {isa = PBXBuildFile; productRef = B2B289DA2A3459E700F7F1C4 /* Alamofire */; };
		B2B289DE2A3459FD00F7F1C4 /* Kingfisher in Frameworks */ = {isa = PBXBuildFile; productRef = B2B289DD2A3459FD00F7F1C4 /* Kingfisher */; };
		B2F169D62A347208008199D8 /* RootTabBarBuilder.swift in Sources */ = {isa = PBXBuildFile; fileRef = B2F169D52A347208008199D8 /* RootTabBarBuilder.swift */; };
		B2F169D82A3472D7008199D8 /* RootTabBarInteractor.swift in Sources */ = {isa = PBXBuildFile; fileRef = B2F169D72A3472D7008199D8 /* RootTabBarInteractor.swift */; };
		B2F169DA2A3472EC008199D8 /* RootTabBarRouter.swift in Sources */ = {isa = PBXBuildFile; fileRef = B2F169D92A3472EC008199D8 /* RootTabBarRouter.swift */; };
		B2F169DC2A347303008199D8 /* RootTabBarViewController.swift in Sources */ = {isa = PBXBuildFile; fileRef = B2F169DB2A347303008199D8 /* RootTabBarViewController.swift */; };
		B2F169DE2A347995008199D8 /* RootTabBarComponent.swift in Sources */ = {isa = PBXBuildFile; fileRef = B2F169DD2A347995008199D8 /* RootTabBarComponent.swift */; };
		B2F169E02A34D07F008199D8 /* CALayer+.swift in Sources */ = {isa = PBXBuildFile; fileRef = B2F169DF2A34D07F008199D8 /* CALayer+.swift */; };
		BA1807552A2F151F00295398 /* ImageAssetKind.swift in Sources */ = {isa = PBXBuildFile; fileRef = BA1807542A2F151F00295398 /* ImageAssetKind.swift */; };
		BA18075A2A2F170100295398 /* UIImageView+.swift in Sources */ = {isa = PBXBuildFile; fileRef = BA1807592A2F170100295398 /* UIImageView+.swift */; };
		BA18075C2A2F189A00295398 /* UIButton+.swift in Sources */ = {isa = PBXBuildFile; fileRef = BA18075B2A2F189A00295398 /* UIButton+.swift */; };
		BA1807602A2F1D6C00295398 /* AuthRouter.swift in Sources */ = {isa = PBXBuildFile; fileRef = BA18075F2A2F1D6C00295398 /* AuthRouter.swift */; };
		BA1807622A2F21D900295398 /* URLRequest+.swift in Sources */ = {isa = PBXBuildFile; fileRef = BA1807612A2F21D900295398 /* URLRequest+.swift */; };
		BA437F072A2357DF00C5DFA8 /* ModernRIBs in Frameworks */ = {isa = PBXBuildFile; productRef = BA437F062A2357DF00C5DFA8 /* ModernRIBs */; };
		BA437F162A235F5100C5DFA8 /* LoggedOutRouter.swift in Sources */ = {isa = PBXBuildFile; fileRef = BA437F122A235F5100C5DFA8 /* LoggedOutRouter.swift */; };
		BA437F172A235F5100C5DFA8 /* LoggedOutViewController.swift in Sources */ = {isa = PBXBuildFile; fileRef = BA437F132A235F5100C5DFA8 /* LoggedOutViewController.swift */; };
		BA437F182A235F5100C5DFA8 /* LoggedOutBuilder.swift in Sources */ = {isa = PBXBuildFile; fileRef = BA437F142A235F5100C5DFA8 /* LoggedOutBuilder.swift */; };
		BA437F192A235F5100C5DFA8 /* LoggedOutInteractor.swift in Sources */ = {isa = PBXBuildFile; fileRef = BA437F152A235F5100C5DFA8 /* LoggedOutInteractor.swift */; };
		BA437F212A2360E100C5DFA8 /* AppComponent.swift in Sources */ = {isa = PBXBuildFile; fileRef = BA437F202A2360E100C5DFA8 /* AppComponent.swift */; };
		BA9E233B2A21EF3000A539D5 /* AppDelegate.swift in Sources */ = {isa = PBXBuildFile; fileRef = BA9E233A2A21EF3000A539D5 /* AppDelegate.swift */; };
		BA9E233D2A21EF3000A539D5 /* SceneDelegate.swift in Sources */ = {isa = PBXBuildFile; fileRef = BA9E233C2A21EF3000A539D5 /* SceneDelegate.swift */; };
		BA9E23442A21EF3100A539D5 /* Assets.xcassets in Resources */ = {isa = PBXBuildFile; fileRef = BA9E23432A21EF3100A539D5 /* Assets.xcassets */; };
		BA9E23472A21EF3100A539D5 /* LaunchScreen.storyboard in Resources */ = {isa = PBXBuildFile; fileRef = BA9E23452A21EF3100A539D5 /* LaunchScreen.storyboard */; };
		BA9E23502A234B4D00A539D5 /* .swiftlint.yml in Resources */ = {isa = PBXBuildFile; fileRef = BA9E234F2A234B4D00A539D5 /* .swiftlint.yml */; };
		BAEA1BF82A344D480028A90A /* LoggedOutViewController+ViewHolder.swift in Sources */ = {isa = PBXBuildFile; fileRef = BAEA1BF72A344D480028A90A /* LoggedOutViewController+ViewHolder.swift */; };
		BAEA1BFD2A3477B10028A90A /* ViewHolable.swift in Sources */ = {isa = PBXBuildFile; fileRef = BAEA1BFC2A3477B10028A90A /* ViewHolable.swift */; };
		BAED882F2A24C3E600DA6257 /* RootRouter.swift in Sources */ = {isa = PBXBuildFile; fileRef = BAED882B2A24C3E600DA6257 /* RootRouter.swift */; };
		BAED88302A24C3E600DA6257 /* RootViewController.swift in Sources */ = {isa = PBXBuildFile; fileRef = BAED882C2A24C3E600DA6257 /* RootViewController.swift */; };
		BAED88312A24C3E600DA6257 /* RootBuilder.swift in Sources */ = {isa = PBXBuildFile; fileRef = BAED882D2A24C3E600DA6257 /* RootBuilder.swift */; };
		BAED88322A24C3E600DA6257 /* RootInteractor.swift in Sources */ = {isa = PBXBuildFile; fileRef = BAED882E2A24C3E600DA6257 /* RootInteractor.swift */; };
		F02C8DA72A2E149700593A2D /* AppleLoginService.swift in Sources */ = {isa = PBXBuildFile; fileRef = F02C8DA62A2E149700593A2D /* AppleLoginService.swift */; };
		F069DBE62A30B9850001D3DD /* UIFont+.swift in Sources */ = {isa = PBXBuildFile; fileRef = F069DBE52A30B9850001D3DD /* UIFont+.swift */; };
		F0964E422A2A44500028DCA2 /* KeyChainService.swift in Sources */ = {isa = PBXBuildFile; fileRef = F0964E412A2A44500028DCA2 /* KeyChainService.swift */; };
		F0D6FFA92A39F86E00C55E27 /* NSMutableAttributedString+.swift in Sources */ = {isa = PBXBuildFile; fileRef = F0D6FFA82A39F86E00C55E27 /* NSMutableAttributedString+.swift */; };
		F0D6FFAB2A39F89D00C55E27 /* UIView+.swift in Sources */ = {isa = PBXBuildFile; fileRef = F0D6FFAA2A39F89D00C55E27 /* UIView+.swift */; };
		F0D6FFAD2A39F97900C55E27 /* String+.swift in Sources */ = {isa = PBXBuildFile; fileRef = F0D6FFAC2A39F97900C55E27 /* String+.swift */; };
/* End PBXBuildFile section */

/* Begin PBXFileReference section */
		B2538B902A34551D00B7C3F0 /* LoggedInRouter.swift */ = {isa = PBXFileReference; lastKnownFileType = sourcecode.swift; path = LoggedInRouter.swift; sourceTree = "<group>"; };
		B2538B912A34551D00B7C3F0 /* LoggedInBuilder.swift */ = {isa = PBXFileReference; lastKnownFileType = sourcecode.swift; path = LoggedInBuilder.swift; sourceTree = "<group>"; };
		B2538B922A34551D00B7C3F0 /* LoggedInInteractor.swift */ = {isa = PBXFileReference; lastKnownFileType = sourcecode.swift; path = LoggedInInteractor.swift; sourceTree = "<group>"; };
		B28204F22A345EB100F9242F /* RootComponent.swift */ = {isa = PBXFileReference; lastKnownFileType = sourcecode.swift; path = RootComponent.swift; sourceTree = "<group>"; };
		B28204FE2A346FDD00F9242F /* ProfileHomeRouter.swift */ = {isa = PBXFileReference; lastKnownFileType = sourcecode.swift; path = ProfileHomeRouter.swift; sourceTree = "<group>"; };
		B28204FF2A346FDD00F9242F /* ProfileHomeViewController.swift */ = {isa = PBXFileReference; lastKnownFileType = sourcecode.swift; path = ProfileHomeViewController.swift; sourceTree = "<group>"; };
		B28205002A346FDD00F9242F /* ProfileHomeBuilder.swift */ = {isa = PBXFileReference; lastKnownFileType = sourcecode.swift; path = ProfileHomeBuilder.swift; sourceTree = "<group>"; };
		B28205012A346FDD00F9242F /* ProfileHomeInteractor.swift */ = {isa = PBXFileReference; lastKnownFileType = sourcecode.swift; path = ProfileHomeInteractor.swift; sourceTree = "<group>"; };
		B28205062A34700300F9242F /* EventHomeRouter.swift */ = {isa = PBXFileReference; lastKnownFileType = sourcecode.swift; path = EventHomeRouter.swift; sourceTree = "<group>"; };
		B28205072A34700300F9242F /* EventHomeViewController.swift */ = {isa = PBXFileReference; lastKnownFileType = sourcecode.swift; path = EventHomeViewController.swift; sourceTree = "<group>"; };
		B28205082A34700300F9242F /* EventHomeBuilder.swift */ = {isa = PBXFileReference; lastKnownFileType = sourcecode.swift; path = EventHomeBuilder.swift; sourceTree = "<group>"; };
		B28205092A34700300F9242F /* EventHomeInteractor.swift */ = {isa = PBXFileReference; lastKnownFileType = sourcecode.swift; path = EventHomeInteractor.swift; sourceTree = "<group>"; };
		B282050E2A34702B00F9242F /* ProductHomeRouter.swift */ = {isa = PBXFileReference; lastKnownFileType = sourcecode.swift; path = ProductHomeRouter.swift; sourceTree = "<group>"; };
		B282050F2A34702B00F9242F /* ProductHomeViewController.swift */ = {isa = PBXFileReference; lastKnownFileType = sourcecode.swift; path = ProductHomeViewController.swift; sourceTree = "<group>"; };
		B28205102A34702B00F9242F /* ProductHomeBuilder.swift */ = {isa = PBXFileReference; lastKnownFileType = sourcecode.swift; path = ProductHomeBuilder.swift; sourceTree = "<group>"; };
		B28205112A34702B00F9242F /* ProductHomeInteractor.swift */ = {isa = PBXFileReference; lastKnownFileType = sourcecode.swift; path = ProductHomeInteractor.swift; sourceTree = "<group>"; };
		B2A57C3E2A2EF917005DB83E /* KakaoLoginService.swift */ = {isa = PBXFileReference; lastKnownFileType = sourcecode.swift; path = KakaoLoginService.swift; sourceTree = "<group>"; };
		B2F169D52A347208008199D8 /* RootTabBarBuilder.swift */ = {isa = PBXFileReference; lastKnownFileType = sourcecode.swift; path = RootTabBarBuilder.swift; sourceTree = "<group>"; };
		B2F169D72A3472D7008199D8 /* RootTabBarInteractor.swift */ = {isa = PBXFileReference; lastKnownFileType = sourcecode.swift; path = RootTabBarInteractor.swift; sourceTree = "<group>"; };
		B2F169D92A3472EC008199D8 /* RootTabBarRouter.swift */ = {isa = PBXFileReference; lastKnownFileType = sourcecode.swift; path = RootTabBarRouter.swift; sourceTree = "<group>"; };
		B2F169DB2A347303008199D8 /* RootTabBarViewController.swift */ = {isa = PBXFileReference; lastKnownFileType = sourcecode.swift; path = RootTabBarViewController.swift; sourceTree = "<group>"; };
		B2F169DD2A347995008199D8 /* RootTabBarComponent.swift */ = {isa = PBXFileReference; lastKnownFileType = sourcecode.swift; path = RootTabBarComponent.swift; sourceTree = "<group>"; };
		B2F169DF2A34D07F008199D8 /* CALayer+.swift */ = {isa = PBXFileReference; lastKnownFileType = sourcecode.swift; path = "CALayer+.swift"; sourceTree = "<group>"; };
		BA1807542A2F151F00295398 /* ImageAssetKind.swift */ = {isa = PBXFileReference; lastKnownFileType = sourcecode.swift; path = ImageAssetKind.swift; sourceTree = "<group>"; };
		BA1807592A2F170100295398 /* UIImageView+.swift */ = {isa = PBXFileReference; lastKnownFileType = sourcecode.swift; path = "UIImageView+.swift"; sourceTree = "<group>"; };
		BA18075B2A2F189A00295398 /* UIButton+.swift */ = {isa = PBXFileReference; lastKnownFileType = sourcecode.swift; path = "UIButton+.swift"; sourceTree = "<group>"; };
		BA18075F2A2F1D6C00295398 /* AuthRouter.swift */ = {isa = PBXFileReference; lastKnownFileType = sourcecode.swift; path = AuthRouter.swift; sourceTree = "<group>"; };
		BA1807612A2F21D900295398 /* URLRequest+.swift */ = {isa = PBXFileReference; lastKnownFileType = sourcecode.swift; path = "URLRequest+.swift"; sourceTree = "<group>"; };
		BA437F122A235F5100C5DFA8 /* LoggedOutRouter.swift */ = {isa = PBXFileReference; lastKnownFileType = sourcecode.swift; path = LoggedOutRouter.swift; sourceTree = "<group>"; };
		BA437F132A235F5100C5DFA8 /* LoggedOutViewController.swift */ = {isa = PBXFileReference; lastKnownFileType = sourcecode.swift; path = LoggedOutViewController.swift; sourceTree = "<group>"; };
		BA437F142A235F5100C5DFA8 /* LoggedOutBuilder.swift */ = {isa = PBXFileReference; lastKnownFileType = sourcecode.swift; path = LoggedOutBuilder.swift; sourceTree = "<group>"; };
		BA437F152A235F5100C5DFA8 /* LoggedOutInteractor.swift */ = {isa = PBXFileReference; lastKnownFileType = sourcecode.swift; path = LoggedOutInteractor.swift; sourceTree = "<group>"; };
		BA437F202A2360E100C5DFA8 /* AppComponent.swift */ = {isa = PBXFileReference; lastKnownFileType = sourcecode.swift; path = AppComponent.swift; sourceTree = "<group>"; };
		BA9E23372A21EF3000A539D5 /* Pyonsnal-Color.app */ = {isa = PBXFileReference; explicitFileType = wrapper.application; includeInIndex = 0; path = "Pyonsnal-Color.app"; sourceTree = BUILT_PRODUCTS_DIR; };
		BA9E233A2A21EF3000A539D5 /* AppDelegate.swift */ = {isa = PBXFileReference; lastKnownFileType = sourcecode.swift; path = AppDelegate.swift; sourceTree = "<group>"; };
		BA9E233C2A21EF3000A539D5 /* SceneDelegate.swift */ = {isa = PBXFileReference; lastKnownFileType = sourcecode.swift; path = SceneDelegate.swift; sourceTree = "<group>"; };
		BA9E23432A21EF3100A539D5 /* Assets.xcassets */ = {isa = PBXFileReference; lastKnownFileType = folder.assetcatalog; path = Assets.xcassets; sourceTree = "<group>"; };
		BA9E23462A21EF3100A539D5 /* Base */ = {isa = PBXFileReference; lastKnownFileType = file.storyboard; name = Base; path = Base.lproj/LaunchScreen.storyboard; sourceTree = "<group>"; };
		BA9E23482A21EF3100A539D5 /* Info.plist */ = {isa = PBXFileReference; lastKnownFileType = text.plist.xml; path = Info.plist; sourceTree = "<group>"; };
		BA9E234F2A234B4D00A539D5 /* .swiftlint.yml */ = {isa = PBXFileReference; lastKnownFileType = text.yaml; path = .swiftlint.yml; sourceTree = "<group>"; };
		BAEA1BF72A344D480028A90A /* LoggedOutViewController+ViewHolder.swift */ = {isa = PBXFileReference; lastKnownFileType = sourcecode.swift; path = "LoggedOutViewController+ViewHolder.swift"; sourceTree = "<group>"; };
		BAEA1BFC2A3477B10028A90A /* ViewHolable.swift */ = {isa = PBXFileReference; lastKnownFileType = sourcecode.swift; path = ViewHolable.swift; sourceTree = "<group>"; };
		BAED882B2A24C3E600DA6257 /* RootRouter.swift */ = {isa = PBXFileReference; lastKnownFileType = sourcecode.swift; path = RootRouter.swift; sourceTree = "<group>"; };
		BAED882C2A24C3E600DA6257 /* RootViewController.swift */ = {isa = PBXFileReference; lastKnownFileType = sourcecode.swift; path = RootViewController.swift; sourceTree = "<group>"; };
		BAED882D2A24C3E600DA6257 /* RootBuilder.swift */ = {isa = PBXFileReference; lastKnownFileType = sourcecode.swift; path = RootBuilder.swift; sourceTree = "<group>"; };
		BAED882E2A24C3E600DA6257 /* RootInteractor.swift */ = {isa = PBXFileReference; lastKnownFileType = sourcecode.swift; path = RootInteractor.swift; sourceTree = "<group>"; };
		F02C8DA62A2E149700593A2D /* AppleLoginService.swift */ = {isa = PBXFileReference; lastKnownFileType = sourcecode.swift; path = AppleLoginService.swift; sourceTree = "<group>"; };
		F069DBE52A30B9850001D3DD /* UIFont+.swift */ = {isa = PBXFileReference; lastKnownFileType = sourcecode.swift; path = "UIFont+.swift"; sourceTree = "<group>"; };
		F069DBE82A30BA8C0001D3DD /* Pretendard-Medium.otf */ = {isa = PBXFileReference; lastKnownFileType = file; path = "Pretendard-Medium.otf"; sourceTree = "<group>"; };
		F069DBE92A30BA8C0001D3DD /* Pretendard-Regular.otf */ = {isa = PBXFileReference; lastKnownFileType = file; path = "Pretendard-Regular.otf"; sourceTree = "<group>"; };
		F069DBEA2A30BA8C0001D3DD /* Pretendard-SemiBold.otf */ = {isa = PBXFileReference; lastKnownFileType = file; path = "Pretendard-SemiBold.otf"; sourceTree = "<group>"; };
		F0964E3D2A2A16D10028DCA2 /* Pyonsnal-Color.entitlements */ = {isa = PBXFileReference; lastKnownFileType = text.plist.entitlements; path = "Pyonsnal-Color.entitlements"; sourceTree = "<group>"; };
		F0964E412A2A44500028DCA2 /* KeyChainService.swift */ = {isa = PBXFileReference; lastKnownFileType = sourcecode.swift; path = KeyChainService.swift; sourceTree = "<group>"; };
		F0D6FFA82A39F86E00C55E27 /* NSMutableAttributedString+.swift */ = {isa = PBXFileReference; lastKnownFileType = sourcecode.swift; path = "NSMutableAttributedString+.swift"; sourceTree = "<group>"; };
		F0D6FFAA2A39F89D00C55E27 /* UIView+.swift */ = {isa = PBXFileReference; lastKnownFileType = sourcecode.swift; path = "UIView+.swift"; sourceTree = "<group>"; };
		F0D6FFAC2A39F97900C55E27 /* String+.swift */ = {isa = PBXFileReference; lastKnownFileType = sourcecode.swift; path = "String+.swift"; sourceTree = "<group>"; };
/* End PBXFileReference section */

/* Begin PBXFrameworksBuildPhase section */
		BA9E23342A21EF3000A539D5 /* Frameworks */ = {
			isa = PBXFrameworksBuildPhase;
			buildActionMask = 2147483647;
			files = (
				B2A57BEF2A2C7596005DB83E /* KakaoSDKUser in Frameworks */,
				BA437F072A2357DF00C5DFA8 /* ModernRIBs in Frameworks */,
				B2B289DE2A3459FD00F7F1C4 /* Kingfisher in Frameworks */,
				B2A57BED2A2C7596005DB83E /* KakaoSDKCommon in Frameworks */,
				B2B289DB2A3459E700F7F1C4 /* Alamofire in Frameworks */,
				B2A57BEB2A2C7596005DB83E /* KakaoSDKAuth in Frameworks */,
				B2B289D82A3459D700F7F1C4 /* SnapKit in Frameworks */,
			);
			runOnlyForDeploymentPostprocessing = 0;
		};
/* End PBXFrameworksBuildPhase section */

/* Begin PBXGroup section */
		B2538B8B2A3454D600B7C3F0 /* LoggedIn */ = {
			isa = PBXGroup;
			children = (
				B2538B902A34551D00B7C3F0 /* LoggedInRouter.swift */,
				B2538B912A34551D00B7C3F0 /* LoggedInBuilder.swift */,
				B2538B922A34551D00B7C3F0 /* LoggedInInteractor.swift */,
			);
			path = LoggedIn;
			sourceTree = "<group>";
		};
		B2538B8D2A3454EA00B7C3F0 /* ProductHome */ = {
			isa = PBXGroup;
			children = (
				B282050E2A34702B00F9242F /* ProductHomeRouter.swift */,
				B282050F2A34702B00F9242F /* ProductHomeViewController.swift */,
				B28205102A34702B00F9242F /* ProductHomeBuilder.swift */,
				B28205112A34702B00F9242F /* ProductHomeInteractor.swift */,
			);
			path = ProductHome;
			sourceTree = "<group>";
		};
		B2538B8E2A3454F100B7C3F0 /* EventHome */ = {
			isa = PBXGroup;
			children = (
				B28205062A34700300F9242F /* EventHomeRouter.swift */,
				B28205072A34700300F9242F /* EventHomeViewController.swift */,
				B28205082A34700300F9242F /* EventHomeBuilder.swift */,
				B28205092A34700300F9242F /* EventHomeInteractor.swift */,
			);
			path = EventHome;
			sourceTree = "<group>";
		};
		B2538B8F2A3454FA00B7C3F0 /* ProfileHome */ = {
			isa = PBXGroup;
			children = (
				B28204FE2A346FDD00F9242F /* ProfileHomeRouter.swift */,
				B28204FF2A346FDD00F9242F /* ProfileHomeViewController.swift */,
				B28205002A346FDD00F9242F /* ProfileHomeBuilder.swift */,
				B28205012A346FDD00F9242F /* ProfileHomeInteractor.swift */,
			);
			path = ProfileHome;
			sourceTree = "<group>";
		};
		B2A57C3D2A2EF8FF005DB83E /* Service */ = {
			isa = PBXGroup;
			children = (
				F0964E412A2A44500028DCA2 /* KeyChainService.swift */,
				F02C8DA62A2E149700593A2D /* AppleLoginService.swift */,
				B2A57C3E2A2EF917005DB83E /* KakaoLoginService.swift */,
			);
			path = Service;
			sourceTree = "<group>";
		};
		B2F169D42A3471EB008199D8 /* RootTabBar */ = {
			isa = PBXGroup;
			children = (
				B2F169D92A3472EC008199D8 /* RootTabBarRouter.swift */,
				B2F169DB2A347303008199D8 /* RootTabBarViewController.swift */,
				B2F169D52A347208008199D8 /* RootTabBarBuilder.swift */,
				B2F169D72A3472D7008199D8 /* RootTabBarInteractor.swift */,
				B2F169DD2A347995008199D8 /* RootTabBarComponent.swift */,
			);
			path = RootTabBar;
			sourceTree = "<group>";
		};
		BA1807532A2F13DA00295398 /* Extension */ = {
			isa = PBXGroup;
			children = (
				F069DBE52A30B9850001D3DD /* UIFont+.swift */,
				BA1807592A2F170100295398 /* UIImageView+.swift */,
				BA18075B2A2F189A00295398 /* UIButton+.swift */,
				BA1807612A2F21D900295398 /* URLRequest+.swift */,
				B2F169DF2A34D07F008199D8 /* CALayer+.swift */,
				F0D6FFA82A39F86E00C55E27 /* NSMutableAttributedString+.swift */,
				F0D6FFAA2A39F89D00C55E27 /* UIView+.swift */,
				F0D6FFAC2A39F97900C55E27 /* String+.swift */,
			);
			path = Extension;
			sourceTree = "<group>";
		};
		BA1807562A2F152800295398 /* ImageAssetKind */ = {
			isa = PBXGroup;
			children = (
				BA1807542A2F151F00295398 /* ImageAssetKind.swift */,
			);
			path = ImageAssetKind;
			sourceTree = "<group>";
		};
		BA18075D2A2F1D5A00295398 /* Networking */ = {
			isa = PBXGroup;
			children = (
				BA18075E2A2F1D6500295398 /* Auth */,
			);
			path = Networking;
			sourceTree = "<group>";
		};
		BA18075E2A2F1D6500295398 /* Auth */ = {
			isa = PBXGroup;
			children = (
				BA18075F2A2F1D6C00295398 /* AuthRouter.swift */,
			);
			path = Auth;
			sourceTree = "<group>";
		};
		BA437F082A23583400C5DFA8 /* Resource */ = {
			isa = PBXGroup;
			children = (
				F069DBE72A30BA7A0001D3DD /* Font */,
				BA1807562A2F152800295398 /* ImageAssetKind */,
				BA9E23432A21EF3100A539D5 /* Assets.xcassets */,
				BA9E23452A21EF3100A539D5 /* LaunchScreen.storyboard */,
				BA9E23482A21EF3100A539D5 /* Info.plist */,
			);
			path = Resource;
			sourceTree = "<group>";
		};
		BA437F092A2358BA00C5DFA8 /* Application */ = {
			isa = PBXGroup;
			children = (
				BA9E233A2A21EF3000A539D5 /* AppDelegate.swift */,
				BA9E233C2A21EF3000A539D5 /* SceneDelegate.swift */,
				BA437F202A2360E100C5DFA8 /* AppComponent.swift */,
			);
			path = Application;
			sourceTree = "<group>";
		};
		BA437F112A235ED700C5DFA8 /* LoggedOut */ = {
			isa = PBXGroup;
			children = (
				BA437F122A235F5100C5DFA8 /* LoggedOutRouter.swift */,
				BA437F132A235F5100C5DFA8 /* LoggedOutViewController.swift */,
				BAEA1BF72A344D480028A90A /* LoggedOutViewController+ViewHolder.swift */,
				BA437F142A235F5100C5DFA8 /* LoggedOutBuilder.swift */,
				BA437F152A235F5100C5DFA8 /* LoggedOutInteractor.swift */,
			);
			path = LoggedOut;
			sourceTree = "<group>";
		};
		BA9E232E2A21EF3000A539D5 = {
			isa = PBXGroup;
			children = (
				BA9E234F2A234B4D00A539D5 /* .swiftlint.yml */,
				BA9E23392A21EF3000A539D5 /* Pyonsnal-Color */,
				BA9E23382A21EF3000A539D5 /* Products */,
			);
			sourceTree = "<group>";
		};
		BA9E23382A21EF3000A539D5 /* Products */ = {
			isa = PBXGroup;
			children = (
				BA9E23372A21EF3000A539D5 /* Pyonsnal-Color.app */,
			);
			name = Products;
			sourceTree = "<group>";
		};
		BA9E23392A21EF3000A539D5 /* Pyonsnal-Color */ = {
			isa = PBXGroup;
			children = (
				B2538B8F2A3454FA00B7C3F0 /* ProfileHome */,
				B2538B8E2A3454F100B7C3F0 /* EventHome */,
				B2538B8D2A3454EA00B7C3F0 /* ProductHome */,
				B2F169D42A3471EB008199D8 /* RootTabBar */,
				B2538B8B2A3454D600B7C3F0 /* LoggedIn */,
				BAEA1BFB2A3477A80028A90A /* Common */,
				F0964E3D2A2A16D10028DCA2 /* Pyonsnal-Color.entitlements */,
				BA18075D2A2F1D5A00295398 /* Networking */,
				BA1807532A2F13DA00295398 /* Extension */,
				BAED882A2A24C3DA00DA6257 /* Root */,
				BA437F092A2358BA00C5DFA8 /* Application */,
				BA437F082A23583400C5DFA8 /* Resource */,
				BA437F112A235ED700C5DFA8 /* LoggedOut */,
				B2A57C3D2A2EF8FF005DB83E /* Service */,
			);
			path = "Pyonsnal-Color";
			sourceTree = "<group>";
		};
		BAEA1BFB2A3477A80028A90A /* Common */ = {
			isa = PBXGroup;
			children = (
				F0D6FFA72A39F57600C55E27 /* Cell */,
				BAEA1BFC2A3477B10028A90A /* ViewHolable.swift */,
			);
			path = Common;
			sourceTree = "<group>";
		};
		BAED882A2A24C3DA00DA6257 /* Root */ = {
			isa = PBXGroup;
			children = (
				BAED882B2A24C3E600DA6257 /* RootRouter.swift */,
				BAED882C2A24C3E600DA6257 /* RootViewController.swift */,
				BAED882D2A24C3E600DA6257 /* RootBuilder.swift */,
				BAED882E2A24C3E600DA6257 /* RootInteractor.swift */,
				B28204F22A345EB100F9242F /* RootComponent.swift */,
			);
			path = Root;
			sourceTree = "<group>";
		};
		F069DBE72A30BA7A0001D3DD /* Font */ = {
			isa = PBXGroup;
			children = (
				F069DBEA2A30BA8C0001D3DD /* Pretendard-SemiBold.otf */,
				F069DBE92A30BA8C0001D3DD /* Pretendard-Regular.otf */,
				F069DBE82A30BA8C0001D3DD /* Pretendard-Medium.otf */,
			);
			path = Font;
			sourceTree = "<group>";
		};
		F0D6FFA72A39F57600C55E27 /* Cell */ = {
			isa = PBXGroup;
			children = (
			);
			path = Cell;
			sourceTree = "<group>";
		};
/* End PBXGroup section */

/* Begin PBXNativeTarget section */
		BA9E23362A21EF3000A539D5 /* Pyonsnal-Color */ = {
			isa = PBXNativeTarget;
			buildConfigurationList = BA9E234B2A21EF3100A539D5 /* Build configuration list for PBXNativeTarget "Pyonsnal-Color" */;
			buildPhases = (
				BA9E23332A21EF3000A539D5 /* Sources */,
				BA9E23342A21EF3000A539D5 /* Frameworks */,
				BA9E23352A21EF3000A539D5 /* Resources */,
				BA9E234E2A2349F800A539D5 /* Run Script SwiftLint */,
			);
			buildRules = (
			);
			dependencies = (
			);
			name = "Pyonsnal-Color";
			packageProductDependencies = (
				BA437F062A2357DF00C5DFA8 /* ModernRIBs */,
				B2A57BEA2A2C7596005DB83E /* KakaoSDKAuth */,
				B2A57BEC2A2C7596005DB83E /* KakaoSDKCommon */,
				B2A57BEE2A2C7596005DB83E /* KakaoSDKUser */,
				B2B289D72A3459D700F7F1C4 /* SnapKit */,
				B2B289DA2A3459E700F7F1C4 /* Alamofire */,
				B2B289DD2A3459FD00F7F1C4 /* Kingfisher */,
			);
			productName = "Pyonsnal-Color";
			productReference = BA9E23372A21EF3000A539D5 /* Pyonsnal-Color.app */;
			productType = "com.apple.product-type.application";
		};
/* End PBXNativeTarget section */

/* Begin PBXProject section */
		BA9E232F2A21EF3000A539D5 /* Project object */ = {
			isa = PBXProject;
			attributes = {
				BuildIndependentTargetsInParallel = 1;
				LastSwiftUpdateCheck = 1420;
				LastUpgradeCheck = 1420;
				TargetAttributes = {
					BA9E23362A21EF3000A539D5 = {
						CreatedOnToolsVersion = 14.2;
					};
				};
			};
			buildConfigurationList = BA9E23322A21EF3000A539D5 /* Build configuration list for PBXProject "Pyonsnal-Color" */;
			compatibilityVersion = "Xcode 14.0";
			developmentRegion = en;
			hasScannedForEncodings = 0;
			knownRegions = (
				en,
				Base,
			);
			mainGroup = BA9E232E2A21EF3000A539D5;
			packageReferences = (
				BA437F052A2357DF00C5DFA8 /* XCRemoteSwiftPackageReference "ModernRIBs" */,
				B2A57BE92A2C7596005DB83E /* XCRemoteSwiftPackageReference "kakao-ios-sdk" */,
				B2B289D62A3459D700F7F1C4 /* XCRemoteSwiftPackageReference "SnapKit" */,
				B2B289D92A3459E700F7F1C4 /* XCRemoteSwiftPackageReference "Alamofire" */,
				B2B289DC2A3459FD00F7F1C4 /* XCRemoteSwiftPackageReference "Kingfisher" */,
			);
			productRefGroup = BA9E23382A21EF3000A539D5 /* Products */;
			projectDirPath = "";
			projectRoot = "";
			targets = (
				BA9E23362A21EF3000A539D5 /* Pyonsnal-Color */,
			);
		};
/* End PBXProject section */

/* Begin PBXResourcesBuildPhase section */
		BA9E23352A21EF3000A539D5 /* Resources */ = {
			isa = PBXResourcesBuildPhase;
			buildActionMask = 2147483647;
			files = (
				BA9E23502A234B4D00A539D5 /* .swiftlint.yml in Resources */,
				BA9E23472A21EF3100A539D5 /* LaunchScreen.storyboard in Resources */,
				BA9E23442A21EF3100A539D5 /* Assets.xcassets in Resources */,
			);
			runOnlyForDeploymentPostprocessing = 0;
		};
/* End PBXResourcesBuildPhase section */

/* Begin PBXShellScriptBuildPhase section */
		BA9E234E2A2349F800A539D5 /* Run Script SwiftLint */ = {
			isa = PBXShellScriptBuildPhase;
			buildActionMask = 2147483647;
			files = (
			);
			inputFileListPaths = (
			);
			inputPaths = (
			);
			name = "Run Script SwiftLint";
			outputFileListPaths = (
			);
			outputPaths = (
			);
			runOnlyForDeploymentPostprocessing = 0;
			shellPath = /bin/sh;
			shellScript = "if test -d \"/opt/homebrew/bin/\"; then\n  PATH=\"/opt/homebrew/bin/:${PATH}\"\nfi\n\nexport PATH\n\nif which swiftlint >/dev/null; then\n  swiftlint\nelse\n  echo \"warning: SwiftLint not installed, download from https://github.com/realm/SwiftLint\"\nfi\n";
		};
/* End PBXShellScriptBuildPhase section */

/* Begin PBXSourcesBuildPhase section */
		BA9E23332A21EF3000A539D5 /* Sources */ = {
			isa = PBXSourcesBuildPhase;
			buildActionMask = 2147483647;
			files = (
				B282050A2A34700300F9242F /* EventHomeRouter.swift in Sources */,
				B2F169E02A34D07F008199D8 /* CALayer+.swift in Sources */,
				BA1807622A2F21D900295398 /* URLRequest+.swift in Sources */,
				BA437F162A235F5100C5DFA8 /* LoggedOutRouter.swift in Sources */,
				BAED88322A24C3E600DA6257 /* RootInteractor.swift in Sources */,
				BAED88302A24C3E600DA6257 /* RootViewController.swift in Sources */,
				B2F169D82A3472D7008199D8 /* RootTabBarInteractor.swift in Sources */,
				B2F169D62A347208008199D8 /* RootTabBarBuilder.swift in Sources */,
				B28205132A34702B00F9242F /* ProductHomeViewController.swift in Sources */,
				B282050C2A34700300F9242F /* EventHomeBuilder.swift in Sources */,
				BA437F182A235F5100C5DFA8 /* LoggedOutBuilder.swift in Sources */,
				F0964E422A2A44500028DCA2 /* KeyChainService.swift in Sources */,
				B28205032A346FDD00F9242F /* ProfileHomeViewController.swift in Sources */,
				F0D6FFAD2A39F97900C55E27 /* String+.swift in Sources */,
				BA18075C2A2F189A00295398 /* UIButton+.swift in Sources */,
				B28205152A34702B00F9242F /* ProductHomeInteractor.swift in Sources */,
				BA9E233B2A21EF3000A539D5 /* AppDelegate.swift in Sources */,
				BAEA1BFD2A3477B10028A90A /* ViewHolable.swift in Sources */,
				BA437F212A2360E100C5DFA8 /* AppComponent.swift in Sources */,
				BAEA1BF82A344D480028A90A /* LoggedOutViewController+ViewHolder.swift in Sources */,
				B2A57C3F2A2EF917005DB83E /* KakaoLoginService.swift in Sources */,
				F069DBE62A30B9850001D3DD /* UIFont+.swift in Sources */,
				BA9E233D2A21EF3000A539D5 /* SceneDelegate.swift in Sources */,
				F0D6FFAB2A39F89D00C55E27 /* UIView+.swift in Sources */,
				BA1807552A2F151F00295398 /* ImageAssetKind.swift in Sources */,
				B2538B952A34551D00B7C3F0 /* LoggedInInteractor.swift in Sources */,
				B28205052A346FDD00F9242F /* ProfileHomeInteractor.swift in Sources */,
				B28204F32A345EB100F9242F /* RootComponent.swift in Sources */,
				BA18075A2A2F170100295398 /* UIImageView+.swift in Sources */,
				B28205142A34702B00F9242F /* ProductHomeBuilder.swift in Sources */,
				BA437F172A235F5100C5DFA8 /* LoggedOutViewController.swift in Sources */,
				B2F169DC2A347303008199D8 /* RootTabBarViewController.swift in Sources */,
				F0D6FFA92A39F86E00C55E27 /* NSMutableAttributedString+.swift in Sources */,
				B282050D2A34700300F9242F /* EventHomeInteractor.swift in Sources */,
				BAED88312A24C3E600DA6257 /* RootBuilder.swift in Sources */,
				B28205042A346FDD00F9242F /* ProfileHomeBuilder.swift in Sources */,
				B2538B932A34551D00B7C3F0 /* LoggedInRouter.swift in Sources */,
				BAED882F2A24C3E600DA6257 /* RootRouter.swift in Sources */,
				B2F169DE2A347995008199D8 /* RootTabBarComponent.swift in Sources */,
				F02C8DA72A2E149700593A2D /* AppleLoginService.swift in Sources */,
				BA1807602A2F1D6C00295398 /* AuthRouter.swift in Sources */,
				B28205022A346FDD00F9242F /* ProfileHomeRouter.swift in Sources */,
				B2538B942A34551D00B7C3F0 /* LoggedInBuilder.swift in Sources */,
				B28205122A34702B00F9242F /* ProductHomeRouter.swift in Sources */,
				B282050B2A34700300F9242F /* EventHomeViewController.swift in Sources */,
				B2F169DA2A3472EC008199D8 /* RootTabBarRouter.swift in Sources */,
				BA437F192A235F5100C5DFA8 /* LoggedOutInteractor.swift in Sources */,
			);
			runOnlyForDeploymentPostprocessing = 0;
		};
/* End PBXSourcesBuildPhase section */

/* Begin PBXVariantGroup section */
		BA9E23452A21EF3100A539D5 /* LaunchScreen.storyboard */ = {
			isa = PBXVariantGroup;
			children = (
				BA9E23462A21EF3100A539D5 /* Base */,
			);
			name = LaunchScreen.storyboard;
			sourceTree = "<group>";
		};
/* End PBXVariantGroup section */

/* Begin XCBuildConfiguration section */
		BA9E23492A21EF3100A539D5 /* Debug */ = {
			isa = XCBuildConfiguration;
			buildSettings = {
				ALWAYS_SEARCH_USER_PATHS = NO;
				CLANG_ANALYZER_NONNULL = YES;
				CLANG_ANALYZER_NUMBER_OBJECT_CONVERSION = YES_AGGRESSIVE;
				CLANG_CXX_LANGUAGE_STANDARD = "gnu++20";
				CLANG_ENABLE_MODULES = YES;
				CLANG_ENABLE_OBJC_ARC = YES;
				CLANG_ENABLE_OBJC_WEAK = YES;
				CLANG_WARN_BLOCK_CAPTURE_AUTORELEASING = YES;
				CLANG_WARN_BOOL_CONVERSION = YES;
				CLANG_WARN_COMMA = YES;
				CLANG_WARN_CONSTANT_CONVERSION = YES;
				CLANG_WARN_DEPRECATED_OBJC_IMPLEMENTATIONS = YES;
				CLANG_WARN_DIRECT_OBJC_ISA_USAGE = YES_ERROR;
				CLANG_WARN_DOCUMENTATION_COMMENTS = YES;
				CLANG_WARN_EMPTY_BODY = YES;
				CLANG_WARN_ENUM_CONVERSION = YES;
				CLANG_WARN_INFINITE_RECURSION = YES;
				CLANG_WARN_INT_CONVERSION = YES;
				CLANG_WARN_NON_LITERAL_NULL_CONVERSION = YES;
				CLANG_WARN_OBJC_IMPLICIT_RETAIN_SELF = YES;
				CLANG_WARN_OBJC_LITERAL_CONVERSION = YES;
				CLANG_WARN_OBJC_ROOT_CLASS = YES_ERROR;
				CLANG_WARN_QUOTED_INCLUDE_IN_FRAMEWORK_HEADER = YES;
				CLANG_WARN_RANGE_LOOP_ANALYSIS = YES;
				CLANG_WARN_STRICT_PROTOTYPES = YES;
				CLANG_WARN_SUSPICIOUS_MOVE = YES;
				CLANG_WARN_UNGUARDED_AVAILABILITY = YES_AGGRESSIVE;
				CLANG_WARN_UNREACHABLE_CODE = YES;
				CLANG_WARN__DUPLICATE_METHOD_MATCH = YES;
				COPY_PHASE_STRIP = NO;
				DEBUG_INFORMATION_FORMAT = dwarf;
				ENABLE_STRICT_OBJC_MSGSEND = YES;
				ENABLE_TESTABILITY = YES;
				GCC_C_LANGUAGE_STANDARD = gnu11;
				GCC_DYNAMIC_NO_PIC = NO;
				GCC_NO_COMMON_BLOCKS = YES;
				GCC_OPTIMIZATION_LEVEL = 0;
				GCC_PREPROCESSOR_DEFINITIONS = (
					"DEBUG=1",
					"$(inherited)",
				);
				GCC_WARN_64_TO_32_BIT_CONVERSION = YES;
				GCC_WARN_ABOUT_RETURN_TYPE = YES_ERROR;
				GCC_WARN_UNDECLARED_SELECTOR = YES;
				GCC_WARN_UNINITIALIZED_AUTOS = YES_AGGRESSIVE;
				GCC_WARN_UNUSED_FUNCTION = YES;
				GCC_WARN_UNUSED_VARIABLE = YES;
				IPHONEOS_DEPLOYMENT_TARGET = 14.0;
				MTL_ENABLE_DEBUG_INFO = INCLUDE_SOURCE;
				MTL_FAST_MATH = YES;
				ONLY_ACTIVE_ARCH = YES;
				SDKROOT = iphoneos;
				SWIFT_ACTIVE_COMPILATION_CONDITIONS = DEBUG;
				SWIFT_OPTIMIZATION_LEVEL = "-Onone";
			};
			name = Debug;
		};
		BA9E234A2A21EF3100A539D5 /* Release */ = {
			isa = XCBuildConfiguration;
			buildSettings = {
				ALWAYS_SEARCH_USER_PATHS = NO;
				CLANG_ANALYZER_NONNULL = YES;
				CLANG_ANALYZER_NUMBER_OBJECT_CONVERSION = YES_AGGRESSIVE;
				CLANG_CXX_LANGUAGE_STANDARD = "gnu++20";
				CLANG_ENABLE_MODULES = YES;
				CLANG_ENABLE_OBJC_ARC = YES;
				CLANG_ENABLE_OBJC_WEAK = YES;
				CLANG_WARN_BLOCK_CAPTURE_AUTORELEASING = YES;
				CLANG_WARN_BOOL_CONVERSION = YES;
				CLANG_WARN_COMMA = YES;
				CLANG_WARN_CONSTANT_CONVERSION = YES;
				CLANG_WARN_DEPRECATED_OBJC_IMPLEMENTATIONS = YES;
				CLANG_WARN_DIRECT_OBJC_ISA_USAGE = YES_ERROR;
				CLANG_WARN_DOCUMENTATION_COMMENTS = YES;
				CLANG_WARN_EMPTY_BODY = YES;
				CLANG_WARN_ENUM_CONVERSION = YES;
				CLANG_WARN_INFINITE_RECURSION = YES;
				CLANG_WARN_INT_CONVERSION = YES;
				CLANG_WARN_NON_LITERAL_NULL_CONVERSION = YES;
				CLANG_WARN_OBJC_IMPLICIT_RETAIN_SELF = YES;
				CLANG_WARN_OBJC_LITERAL_CONVERSION = YES;
				CLANG_WARN_OBJC_ROOT_CLASS = YES_ERROR;
				CLANG_WARN_QUOTED_INCLUDE_IN_FRAMEWORK_HEADER = YES;
				CLANG_WARN_RANGE_LOOP_ANALYSIS = YES;
				CLANG_WARN_STRICT_PROTOTYPES = YES;
				CLANG_WARN_SUSPICIOUS_MOVE = YES;
				CLANG_WARN_UNGUARDED_AVAILABILITY = YES_AGGRESSIVE;
				CLANG_WARN_UNREACHABLE_CODE = YES;
				CLANG_WARN__DUPLICATE_METHOD_MATCH = YES;
				COPY_PHASE_STRIP = NO;
				DEBUG_INFORMATION_FORMAT = "dwarf-with-dsym";
				ENABLE_NS_ASSERTIONS = NO;
				ENABLE_STRICT_OBJC_MSGSEND = YES;
				GCC_C_LANGUAGE_STANDARD = gnu11;
				GCC_NO_COMMON_BLOCKS = YES;
				GCC_WARN_64_TO_32_BIT_CONVERSION = YES;
				GCC_WARN_ABOUT_RETURN_TYPE = YES_ERROR;
				GCC_WARN_UNDECLARED_SELECTOR = YES;
				GCC_WARN_UNINITIALIZED_AUTOS = YES_AGGRESSIVE;
				GCC_WARN_UNUSED_FUNCTION = YES;
				GCC_WARN_UNUSED_VARIABLE = YES;
				IPHONEOS_DEPLOYMENT_TARGET = 14.0;
				MTL_ENABLE_DEBUG_INFO = NO;
				MTL_FAST_MATH = YES;
				SDKROOT = iphoneos;
				SWIFT_COMPILATION_MODE = wholemodule;
				SWIFT_OPTIMIZATION_LEVEL = "-O";
				VALIDATE_PRODUCT = YES;
			};
			name = Release;
		};
		BA9E234C2A21EF3100A539D5 /* Debug */ = {
			isa = XCBuildConfiguration;
			buildSettings = {
				ASSETCATALOG_COMPILER_APPICON_NAME = AppIcon;
				ASSETCATALOG_COMPILER_GLOBAL_ACCENT_COLOR_NAME = AccentColor;
				CODE_SIGN_ENTITLEMENTS = "Pyonsnal-Color/Pyonsnal-Color.entitlements";
				CODE_SIGN_STYLE = Automatic;
				CURRENT_PROJECT_VERSION = 1;
				DEVELOPMENT_TEAM = P7PUGAUP8K;
				GENERATE_INFOPLIST_FILE = YES;
				INFOPLIST_FILE = "Pyonsnal-Color/Resource/Info.plist";
				INFOPLIST_KEY_UIApplicationSupportsIndirectInputEvents = YES;
				INFOPLIST_KEY_UILaunchStoryboardName = LaunchScreen;
				INFOPLIST_KEY_UISupportedInterfaceOrientations_iPad = "UIInterfaceOrientationPortrait UIInterfaceOrientationPortraitUpsideDown UIInterfaceOrientationLandscapeLeft UIInterfaceOrientationLandscapeRight";
				INFOPLIST_KEY_UISupportedInterfaceOrientations_iPhone = "UIInterfaceOrientationPortrait UIInterfaceOrientationLandscapeLeft UIInterfaceOrientationLandscapeRight";
				IPHONEOS_DEPLOYMENT_TARGET = 14.0;
				LD_RUNPATH_SEARCH_PATHS = (
					"$(inherited)",
					"@executable_path/Frameworks",
				);
				MARKETING_VERSION = 1.0.0;
				PRODUCT_BUNDLE_IDENTIFIER = kr.co.yapp.22th.pyonsnalcolor;
				PRODUCT_NAME = "$(TARGET_NAME)";
				SWIFT_EMIT_LOC_STRINGS = YES;
				SWIFT_VERSION = 5.0;
				TARGETED_DEVICE_FAMILY = "1,2";
			};
			name = Debug;
		};
		BA9E234D2A21EF3100A539D5 /* Release */ = {
			isa = XCBuildConfiguration;
			buildSettings = {
				ASSETCATALOG_COMPILER_APPICON_NAME = AppIcon;
				ASSETCATALOG_COMPILER_GLOBAL_ACCENT_COLOR_NAME = AccentColor;
				CODE_SIGN_ENTITLEMENTS = "Pyonsnal-Color/Pyonsnal-Color.entitlements";
				CODE_SIGN_STYLE = Automatic;
				CURRENT_PROJECT_VERSION = 1;
				DEVELOPMENT_TEAM = P7PUGAUP8K;
				GENERATE_INFOPLIST_FILE = YES;
				INFOPLIST_FILE = "Pyonsnal-Color/Resource/Info.plist";
				INFOPLIST_KEY_UIApplicationSupportsIndirectInputEvents = YES;
				INFOPLIST_KEY_UILaunchStoryboardName = LaunchScreen;
				INFOPLIST_KEY_UISupportedInterfaceOrientations_iPad = "UIInterfaceOrientationPortrait UIInterfaceOrientationPortraitUpsideDown UIInterfaceOrientationLandscapeLeft UIInterfaceOrientationLandscapeRight";
				INFOPLIST_KEY_UISupportedInterfaceOrientations_iPhone = "UIInterfaceOrientationPortrait UIInterfaceOrientationLandscapeLeft UIInterfaceOrientationLandscapeRight";
				IPHONEOS_DEPLOYMENT_TARGET = 14.0;
				LD_RUNPATH_SEARCH_PATHS = (
					"$(inherited)",
					"@executable_path/Frameworks",
				);
				MARKETING_VERSION = 1.0.0;
				PRODUCT_BUNDLE_IDENTIFIER = kr.co.yapp.22th.pyonsnalcolor;
				PRODUCT_NAME = "$(TARGET_NAME)";
				SWIFT_EMIT_LOC_STRINGS = YES;
				SWIFT_VERSION = 5.0;
				TARGETED_DEVICE_FAMILY = "1,2";
			};
			name = Release;
		};
/* End XCBuildConfiguration section */

/* Begin XCConfigurationList section */
		BA9E23322A21EF3000A539D5 /* Build configuration list for PBXProject "Pyonsnal-Color" */ = {
			isa = XCConfigurationList;
			buildConfigurations = (
				BA9E23492A21EF3100A539D5 /* Debug */,
				BA9E234A2A21EF3100A539D5 /* Release */,
			);
			defaultConfigurationIsVisible = 0;
			defaultConfigurationName = Release;
		};
		BA9E234B2A21EF3100A539D5 /* Build configuration list for PBXNativeTarget "Pyonsnal-Color" */ = {
			isa = XCConfigurationList;
			buildConfigurations = (
				BA9E234C2A21EF3100A539D5 /* Debug */,
				BA9E234D2A21EF3100A539D5 /* Release */,
			);
			defaultConfigurationIsVisible = 0;
			defaultConfigurationName = Release;
		};
/* End XCConfigurationList section */

/* Begin XCRemoteSwiftPackageReference section */
		B2A57BE92A2C7596005DB83E /* XCRemoteSwiftPackageReference "kakao-ios-sdk" */ = {
			isa = XCRemoteSwiftPackageReference;
			repositoryURL = "https://github.com/kakao/kakao-ios-sdk";
			requirement = {
				branch = master;
				kind = branch;
			};
		};
		B2B289D62A3459D700F7F1C4 /* XCRemoteSwiftPackageReference "SnapKit" */ = {
			isa = XCRemoteSwiftPackageReference;
			repositoryURL = "https://github.com/SnapKit/SnapKit";
			requirement = {
				kind = upToNextMajorVersion;
				minimumVersion = 5.0.0;
			};
		};
		B2B289D92A3459E700F7F1C4 /* XCRemoteSwiftPackageReference "Alamofire" */ = {
			isa = XCRemoteSwiftPackageReference;
			repositoryURL = "https://github.com/Alamofire/Alamofire";
			requirement = {
				kind = upToNextMajorVersion;
				minimumVersion = 5.0.0;
			};
		};
		B2B289DC2A3459FD00F7F1C4 /* XCRemoteSwiftPackageReference "Kingfisher" */ = {
			isa = XCRemoteSwiftPackageReference;
			repositoryURL = "https://github.com/onevcat/Kingfisher";
			requirement = {
				kind = upToNextMajorVersion;
				minimumVersion = 7.0.0;
			};
		};
		BA437F052A2357DF00C5DFA8 /* XCRemoteSwiftPackageReference "ModernRIBs" */ = {
			isa = XCRemoteSwiftPackageReference;
			repositoryURL = "https://github.com/DevYeom/ModernRIBs";
			requirement = {
				kind = upToNextMajorVersion;
				minimumVersion = 1.0.2;
			};
		};
/* End XCRemoteSwiftPackageReference section */

/* Begin XCSwiftPackageProductDependency section */
		B2A57BEA2A2C7596005DB83E /* KakaoSDKAuth */ = {
			isa = XCSwiftPackageProductDependency;
			package = B2A57BE92A2C7596005DB83E /* XCRemoteSwiftPackageReference "kakao-ios-sdk" */;
			productName = KakaoSDKAuth;
		};
		B2A57BEC2A2C7596005DB83E /* KakaoSDKCommon */ = {
			isa = XCSwiftPackageProductDependency;
			package = B2A57BE92A2C7596005DB83E /* XCRemoteSwiftPackageReference "kakao-ios-sdk" */;
			productName = KakaoSDKCommon;
		};
		B2A57BEE2A2C7596005DB83E /* KakaoSDKUser */ = {
			isa = XCSwiftPackageProductDependency;
			package = B2A57BE92A2C7596005DB83E /* XCRemoteSwiftPackageReference "kakao-ios-sdk" */;
			productName = KakaoSDKUser;
		};
		B2B289D72A3459D700F7F1C4 /* SnapKit */ = {
			isa = XCSwiftPackageProductDependency;
			package = B2B289D62A3459D700F7F1C4 /* XCRemoteSwiftPackageReference "SnapKit" */;
			productName = SnapKit;
		};
		B2B289DA2A3459E700F7F1C4 /* Alamofire */ = {
			isa = XCSwiftPackageProductDependency;
			package = B2B289D92A3459E700F7F1C4 /* XCRemoteSwiftPackageReference "Alamofire" */;
			productName = Alamofire;
		};
		B2B289DD2A3459FD00F7F1C4 /* Kingfisher */ = {
			isa = XCSwiftPackageProductDependency;
			package = B2B289DC2A3459FD00F7F1C4 /* XCRemoteSwiftPackageReference "Kingfisher" */;
			productName = Kingfisher;
		};
		BA437F062A2357DF00C5DFA8 /* ModernRIBs */ = {
			isa = XCSwiftPackageProductDependency;
			package = BA437F052A2357DF00C5DFA8 /* XCRemoteSwiftPackageReference "ModernRIBs" */;
			productName = ModernRIBs;
		};
/* End XCSwiftPackageProductDependency section */
	};
	rootObject = BA9E232F2A21EF3000A539D5 /* Project object */;
}
