// !$*UTF8*$!
{
	archiveVersion = 1;
	classes = {
	};
	objectVersion = 56;
	objects = {

/* Begin PBXBuildFile section */
		BA437F072A2357DF00C5DFA8 /* ModernRIBs in Frameworks */ = {isa = PBXBuildFile; productRef = BA437F062A2357DF00C5DFA8 /* ModernRIBs */; };
		BA9E233B2A21EF3000A539D5 /* AppDelegate.swift in Sources */ = {isa = PBXBuildFile; fileRef = BA9E233A2A21EF3000A539D5 /* AppDelegate.swift */; };
		BA9E233D2A21EF3000A539D5 /* SceneDelegate.swift in Sources */ = {isa = PBXBuildFile; fileRef = BA9E233C2A21EF3000A539D5 /* SceneDelegate.swift */; };
		BA9E23442A21EF3100A539D5 /* Assets.xcassets in Resources */ = {isa = PBXBuildFile; fileRef = BA9E23432A21EF3100A539D5 /* Assets.xcassets */; };
		BA9E23472A21EF3100A539D5 /* LaunchScreen.storyboard in Resources */ = {isa = PBXBuildFile; fileRef = BA9E23452A21EF3100A539D5 /* LaunchScreen.storyboard */; };
		BA9E23502A234B4D00A539D5 /* .swiftlint.yml in Resources */ = {isa = PBXBuildFile; fileRef = BA9E234F2A234B4D00A539D5 /* .swiftlint.yml */; };
		BAED882F2A24C3E600DA6257 /* RootRouter.swift in Sources */ = {isa = PBXBuildFile; fileRef = BAED882B2A24C3E600DA6257 /* RootRouter.swift */; };
		BAED88302A24C3E600DA6257 /* RootViewController.swift in Sources */ = {isa = PBXBuildFile; fileRef = BAED882C2A24C3E600DA6257 /* RootViewController.swift */; };
		BAED88312A24C3E600DA6257 /* RootBuilder.swift in Sources */ = {isa = PBXBuildFile; fileRef = BAED882D2A24C3E600DA6257 /* RootBuilder.swift */; };
		BAED88322A24C3E600DA6257 /* RootInteractor.swift in Sources */ = {isa = PBXBuildFile; fileRef = BAED882E2A24C3E600DA6257 /* RootInteractor.swift */; };
		BAED88342A24CB5E00DA6257 /* RootComponent+LoggedOut.swift in Sources */ = {isa = PBXBuildFile; fileRef = BAED88332A24CB5E00DA6257 /* RootComponent+LoggedOut.swift */; };
/* End PBXBuildFile section */

/* Begin PBXFileReference section */
		BA9E23372A21EF3000A539D5 /* Pyonsnal-Color.app */ = {isa = PBXFileReference; explicitFileType = wrapper.application; includeInIndex = 0; path = "Pyonsnal-Color.app"; sourceTree = BUILT_PRODUCTS_DIR; };
		BA9E233A2A21EF3000A539D5 /* AppDelegate.swift */ = {isa = PBXFileReference; lastKnownFileType = sourcecode.swift; path = AppDelegate.swift; sourceTree = "<group>"; };
		BA9E233C2A21EF3000A539D5 /* SceneDelegate.swift */ = {isa = PBXFileReference; lastKnownFileType = sourcecode.swift; path = SceneDelegate.swift; sourceTree = "<group>"; };
		BA9E23432A21EF3100A539D5 /* Assets.xcassets */ = {isa = PBXFileReference; lastKnownFileType = folder.assetcatalog; path = Assets.xcassets; sourceTree = "<group>"; };
		BA9E23462A21EF3100A539D5 /* Base */ = {isa = PBXFileReference; lastKnownFileType = file.storyboard; name = Base; path = Base.lproj/LaunchScreen.storyboard; sourceTree = "<group>"; };
		BA9E23482A21EF3100A539D5 /* Info.plist */ = {isa = PBXFileReference; lastKnownFileType = text.plist.xml; path = Info.plist; sourceTree = "<group>"; };
		BA9E234F2A234B4D00A539D5 /* .swiftlint.yml */ = {isa = PBXFileReference; lastKnownFileType = text.yaml; path = .swiftlint.yml; sourceTree = "<group>"; };
		BAED882B2A24C3E600DA6257 /* RootRouter.swift */ = {isa = PBXFileReference; lastKnownFileType = sourcecode.swift; path = RootRouter.swift; sourceTree = "<group>"; };
		BAED882C2A24C3E600DA6257 /* RootViewController.swift */ = {isa = PBXFileReference; lastKnownFileType = sourcecode.swift; path = RootViewController.swift; sourceTree = "<group>"; };
		BAED882D2A24C3E600DA6257 /* RootBuilder.swift */ = {isa = PBXFileReference; lastKnownFileType = sourcecode.swift; path = RootBuilder.swift; sourceTree = "<group>"; };
		BAED882E2A24C3E600DA6257 /* RootInteractor.swift */ = {isa = PBXFileReference; lastKnownFileType = sourcecode.swift; path = RootInteractor.swift; sourceTree = "<group>"; };
		BAED88332A24CB5E00DA6257 /* RootComponent+LoggedOut.swift */ = {isa = PBXFileReference; lastKnownFileType = sourcecode.swift; path = "RootComponent+LoggedOut.swift"; sourceTree = "<group>"; };
/* End PBXFileReference section */

/* Begin PBXFrameworksBuildPhase section */
		BA9E23342A21EF3000A539D5 /* Frameworks */ = {
			isa = PBXFrameworksBuildPhase;
			buildActionMask = 2147483647;
			files = (
				BA437F072A2357DF00C5DFA8 /* ModernRIBs in Frameworks */,
			);
			runOnlyForDeploymentPostprocessing = 0;
		};
/* End PBXFrameworksBuildPhase section */

/* Begin PBXGroup section */
		BA437F082A23583400C5DFA8 /* Resource */ = {
			isa = PBXGroup;
			children = (
				BA9E23432A21EF3100A539D5 /* Assets.xcassets */,
				BA9E23452A21EF3100A539D5 /* LaunchScreen.storyboard */,
				BA9E23482A21EF3100A539D5 /* Info.plist */,
			);
			path = Resource;
			sourceTree = "<group>";
		};
		BA437F092A2358BA00C5DFA8 /* Application */ = {
			isa = PBXGroup;
			children = (
				BA9E233A2A21EF3000A539D5 /* AppDelegate.swift */,
				BA9E233C2A21EF3000A539D5 /* SceneDelegate.swift */,
			);
			path = Application;
			sourceTree = "<group>";
		};
		BA9E232E2A21EF3000A539D5 = {
			isa = PBXGroup;
			children = (
				BA9E234F2A234B4D00A539D5 /* .swiftlint.yml */,
				BA9E23392A21EF3000A539D5 /* Pyonsnal-Color */,
				BA9E23382A21EF3000A539D5 /* Products */,
			);
			sourceTree = "<group>";
		};
		BA9E23382A21EF3000A539D5 /* Products */ = {
			isa = PBXGroup;
			children = (
				BA9E23372A21EF3000A539D5 /* Pyonsnal-Color.app */,
			);
			name = Products;
			sourceTree = "<group>";
		};
		BA9E23392A21EF3000A539D5 /* Pyonsnal-Color */ = {
			isa = PBXGroup;
			children = (
				BAED882A2A24C3DA00DA6257 /* Root */,
				BA437F092A2358BA00C5DFA8 /* Application */,
				BA437F082A23583400C5DFA8 /* Resource */,
			);
			path = "Pyonsnal-Color";
			sourceTree = "<group>";
		};
		BAED882A2A24C3DA00DA6257 /* Root */ = {
			isa = PBXGroup;
			children = (
				BAED882B2A24C3E600DA6257 /* RootRouter.swift */,
				BAED882C2A24C3E600DA6257 /* RootViewController.swift */,
				BAED882D2A24C3E600DA6257 /* RootBuilder.swift */,
				BAED882E2A24C3E600DA6257 /* RootInteractor.swift */,
				BAED88332A24CB5E00DA6257 /* RootComponent+LoggedOut.swift */,
			);
			path = Root;
			sourceTree = "<group>";
		};
/* End PBXGroup section */

/* Begin PBXNativeTarget section */
		BA9E23362A21EF3000A539D5 /* Pyonsnal-Color */ = {
			isa = PBXNativeTarget;
			buildConfigurationList = BA9E234B2A21EF3100A539D5 /* Build configuration list for PBXNativeTarget "Pyonsnal-Color" */;
			buildPhases = (
				BA9E23332A21EF3000A539D5 /* Sources */,
				BA9E23342A21EF3000A539D5 /* Frameworks */,
				BA9E23352A21EF3000A539D5 /* Resources */,
				BA9E234E2A2349F800A539D5 /* Run Script SwiftLint */,
			);
			buildRules = (
			);
			dependencies = (
			);
			name = "Pyonsnal-Color";
			packageProductDependencies = (
				BA437F062A2357DF00C5DFA8 /* ModernRIBs */,
			);
			productName = "Pyonsnal-Color";
			productReference = BA9E23372A21EF3000A539D5 /* Pyonsnal-Color.app */;
			productType = "com.apple.product-type.application";
		};
/* End PBXNativeTarget section */

/* Begin PBXProject section */
		BA9E232F2A21EF3000A539D5 /* Project object */ = {
			isa = PBXProject;
			attributes = {
				BuildIndependentTargetsInParallel = 1;
				LastSwiftUpdateCheck = 1420;
				LastUpgradeCheck = 1420;
				TargetAttributes = {
					BA9E23362A21EF3000A539D5 = {
						CreatedOnToolsVersion = 14.2;
					};
				};
			};
			buildConfigurationList = BA9E23322A21EF3000A539D5 /* Build configuration list for PBXProject "Pyonsnal-Color" */;
			compatibilityVersion = "Xcode 14.0";
			developmentRegion = en;
			hasScannedForEncodings = 0;
			knownRegions = (
				en,
				Base,
			);
			mainGroup = BA9E232E2A21EF3000A539D5;
			packageReferences = (
				BA437F052A2357DF00C5DFA8 /* XCRemoteSwiftPackageReference "ModernRIBs" */,
			);
			productRefGroup = BA9E23382A21EF3000A539D5 /* Products */;
			projectDirPath = "";
			projectRoot = "";
			targets = (
				BA9E23362A21EF3000A539D5 /* Pyonsnal-Color */,
			);
		};
/* End PBXProject section */

/* Begin PBXResourcesBuildPhase section */
		BA9E23352A21EF3000A539D5 /* Resources */ = {
			isa = PBXResourcesBuildPhase;
			buildActionMask = 2147483647;
			files = (
				BA9E23502A234B4D00A539D5 /* .swiftlint.yml in Resources */,
				BA9E23472A21EF3100A539D5 /* LaunchScreen.storyboard in Resources */,
				BA9E23442A21EF3100A539D5 /* Assets.xcassets in Resources */,
			);
			runOnlyForDeploymentPostprocessing = 0;
		};
/* End PBXResourcesBuildPhase section */

/* Begin PBXShellScriptBuildPhase section */
		BA9E234E2A2349F800A539D5 /* Run Script SwiftLint */ = {
			isa = PBXShellScriptBuildPhase;
			buildActionMask = 2147483647;
			files = (
			);
			inputFileListPaths = (
			);
			inputPaths = (
			);
			name = "Run Script SwiftLint";
			outputFileListPaths = (
			);
			outputPaths = (
			);
			runOnlyForDeploymentPostprocessing = 0;
			shellPath = /bin/sh;
			shellScript = "if test -d \"/opt/homebrew/bin/\"; then\n  PATH=\"/opt/homebrew/bin/:${PATH}\"\nfi\n\nexport PATH\n\nif which swiftlint >/dev/null; then\n  swiftlint\nelse\n  echo \"warning: SwiftLint not installed, download from https://github.com/realm/SwiftLint\"\nfi\n";
		};
/* End PBXShellScriptBuildPhase section */

/* Begin PBXSourcesBuildPhase section */
		BA9E23332A21EF3000A539D5 /* Sources */ = {
			isa = PBXSourcesBuildPhase;
			buildActionMask = 2147483647;
			files = (
				BAED88322A24C3E600DA6257 /* RootInteractor.swift in Sources */,
				BAED88302A24C3E600DA6257 /* RootViewController.swift in Sources */,
				BA9E233B2A21EF3000A539D5 /* AppDelegate.swift in Sources */,
				BA9E233D2A21EF3000A539D5 /* SceneDelegate.swift in Sources */,
				BAED88342A24CB5E00DA6257 /* RootComponent+LoggedOut.swift in Sources */,
				BAED88312A24C3E600DA6257 /* RootBuilder.swift in Sources */,
				BAED882F2A24C3E600DA6257 /* RootRouter.swift in Sources */,
			);
			runOnlyForDeploymentPostprocessing = 0;
		};
/* End PBXSourcesBuildPhase section */

/* Begin PBXVariantGroup section */
		BA9E23452A21EF3100A539D5 /* LaunchScreen.storyboard */ = {
			isa = PBXVariantGroup;
			children = (
				BA9E23462A21EF3100A539D5 /* Base */,
			);
			name = LaunchScreen.storyboard;
			sourceTree = "<group>";
		};
/* End PBXVariantGroup section */

/* Begin XCBuildConfiguration section */
		BA9E23492A21EF3100A539D5 /* Debug */ = {
			isa = XCBuildConfiguration;
			buildSettings = {
				ALWAYS_SEARCH_USER_PATHS = NO;
				CLANG_ANALYZER_NONNULL = YES;
				CLANG_ANALYZER_NUMBER_OBJECT_CONVERSION = YES_AGGRESSIVE;
				CLANG_CXX_LANGUAGE_STANDARD = "gnu++20";
				CLANG_ENABLE_MODULES = YES;
				CLANG_ENABLE_OBJC_ARC = YES;
				CLANG_ENABLE_OBJC_WEAK = YES;
				CLANG_WARN_BLOCK_CAPTURE_AUTORELEASING = YES;
				CLANG_WARN_BOOL_CONVERSION = YES;
				CLANG_WARN_COMMA = YES;
				CLANG_WARN_CONSTANT_CONVERSION = YES;
				CLANG_WARN_DEPRECATED_OBJC_IMPLEMENTATIONS = YES;
				CLANG_WARN_DIRECT_OBJC_ISA_USAGE = YES_ERROR;
				CLANG_WARN_DOCUMENTATION_COMMENTS = YES;
				CLANG_WARN_EMPTY_BODY = YES;
				CLANG_WARN_ENUM_CONVERSION = YES;
				CLANG_WARN_INFINITE_RECURSION = YES;
				CLANG_WARN_INT_CONVERSION = YES;
				CLANG_WARN_NON_LITERAL_NULL_CONVERSION = YES;
				CLANG_WARN_OBJC_IMPLICIT_RETAIN_SELF = YES;
				CLANG_WARN_OBJC_LITERAL_CONVERSION = YES;
				CLANG_WARN_OBJC_ROOT_CLASS = YES_ERROR;
				CLANG_WARN_QUOTED_INCLUDE_IN_FRAMEWORK_HEADER = YES;
				CLANG_WARN_RANGE_LOOP_ANALYSIS = YES;
				CLANG_WARN_STRICT_PROTOTYPES = YES;
				CLANG_WARN_SUSPICIOUS_MOVE = YES;
				CLANG_WARN_UNGUARDED_AVAILABILITY = YES_AGGRESSIVE;
				CLANG_WARN_UNREACHABLE_CODE = YES;
				CLANG_WARN__DUPLICATE_METHOD_MATCH = YES;
				COPY_PHASE_STRIP = NO;
				DEBUG_INFORMATION_FORMAT = dwarf;
				ENABLE_STRICT_OBJC_MSGSEND = YES;
				ENABLE_TESTABILITY = YES;
				GCC_C_LANGUAGE_STANDARD = gnu11;
				GCC_DYNAMIC_NO_PIC = NO;
				GCC_NO_COMMON_BLOCKS = YES;
				GCC_OPTIMIZATION_LEVEL = 0;
				GCC_PREPROCESSOR_DEFINITIONS = (
					"DEBUG=1",
					"$(inherited)",
				);
				GCC_WARN_64_TO_32_BIT_CONVERSION = YES;
				GCC_WARN_ABOUT_RETURN_TYPE = YES_ERROR;
				GCC_WARN_UNDECLARED_SELECTOR = YES;
				GCC_WARN_UNINITIALIZED_AUTOS = YES_AGGRESSIVE;
				GCC_WARN_UNUSED_FUNCTION = YES;
				GCC_WARN_UNUSED_VARIABLE = YES;
				IPHONEOS_DEPLOYMENT_TARGET = 14.0;
				MTL_ENABLE_DEBUG_INFO = INCLUDE_SOURCE;
				MTL_FAST_MATH = YES;
				ONLY_ACTIVE_ARCH = YES;
				SDKROOT = iphoneos;
				SWIFT_ACTIVE_COMPILATION_CONDITIONS = DEBUG;
				SWIFT_OPTIMIZATION_LEVEL = "-Onone";
			};
			name = Debug;
		};
		BA9E234A2A21EF3100A539D5 /* Release */ = {
			isa = XCBuildConfiguration;
			buildSettings = {
				ALWAYS_SEARCH_USER_PATHS = NO;
				CLANG_ANALYZER_NONNULL = YES;
				CLANG_ANALYZER_NUMBER_OBJECT_CONVERSION = YES_AGGRESSIVE;
				CLANG_CXX_LANGUAGE_STANDARD = "gnu++20";
				CLANG_ENABLE_MODULES = YES;
				CLANG_ENABLE_OBJC_ARC = YES;
				CLANG_ENABLE_OBJC_WEAK = YES;
				CLANG_WARN_BLOCK_CAPTURE_AUTORELEASING = YES;
				CLANG_WARN_BOOL_CONVERSION = YES;
				CLANG_WARN_COMMA = YES;
				CLANG_WARN_CONSTANT_CONVERSION = YES;
				CLANG_WARN_DEPRECATED_OBJC_IMPLEMENTATIONS = YES;
				CLANG_WARN_DIRECT_OBJC_ISA_USAGE = YES_ERROR;
				CLANG_WARN_DOCUMENTATION_COMMENTS = YES;
				CLANG_WARN_EMPTY_BODY = YES;
				CLANG_WARN_ENUM_CONVERSION = YES;
				CLANG_WARN_INFINITE_RECURSION = YES;
				CLANG_WARN_INT_CONVERSION = YES;
				CLANG_WARN_NON_LITERAL_NULL_CONVERSION = YES;
				CLANG_WARN_OBJC_IMPLICIT_RETAIN_SELF = YES;
				CLANG_WARN_OBJC_LITERAL_CONVERSION = YES;
				CLANG_WARN_OBJC_ROOT_CLASS = YES_ERROR;
				CLANG_WARN_QUOTED_INCLUDE_IN_FRAMEWORK_HEADER = YES;
				CLANG_WARN_RANGE_LOOP_ANALYSIS = YES;
				CLANG_WARN_STRICT_PROTOTYPES = YES;
				CLANG_WARN_SUSPICIOUS_MOVE = YES;
				CLANG_WARN_UNGUARDED_AVAILABILITY = YES_AGGRESSIVE;
				CLANG_WARN_UNREACHABLE_CODE = YES;
				CLANG_WARN__DUPLICATE_METHOD_MATCH = YES;
				COPY_PHASE_STRIP = NO;
				DEBUG_INFORMATION_FORMAT = "dwarf-with-dsym";
				ENABLE_NS_ASSERTIONS = NO;
				ENABLE_STRICT_OBJC_MSGSEND = YES;
				GCC_C_LANGUAGE_STANDARD = gnu11;
				GCC_NO_COMMON_BLOCKS = YES;
				GCC_WARN_64_TO_32_BIT_CONVERSION = YES;
				GCC_WARN_ABOUT_RETURN_TYPE = YES_ERROR;
				GCC_WARN_UNDECLARED_SELECTOR = YES;
				GCC_WARN_UNINITIALIZED_AUTOS = YES_AGGRESSIVE;
				GCC_WARN_UNUSED_FUNCTION = YES;
				GCC_WARN_UNUSED_VARIABLE = YES;
				IPHONEOS_DEPLOYMENT_TARGET = 14.0;
				MTL_ENABLE_DEBUG_INFO = NO;
				MTL_FAST_MATH = YES;
				SDKROOT = iphoneos;
				SWIFT_COMPILATION_MODE = wholemodule;
				SWIFT_OPTIMIZATION_LEVEL = "-O";
				VALIDATE_PRODUCT = YES;
			};
			name = Release;
		};
		BA9E234C2A21EF3100A539D5 /* Debug */ = {
			isa = XCBuildConfiguration;
			buildSettings = {
				ASSETCATALOG_COMPILER_APPICON_NAME = AppIcon;
				ASSETCATALOG_COMPILER_GLOBAL_ACCENT_COLOR_NAME = AccentColor;
				CODE_SIGN_STYLE = Automatic;
				CURRENT_PROJECT_VERSION = 1;
				DEVELOPMENT_TEAM = P7PUGAUP8K;
				GENERATE_INFOPLIST_FILE = YES;
				INFOPLIST_FILE = "Pyonsnal-Color/Resource/Info.plist";
				INFOPLIST_KEY_UIApplicationSupportsIndirectInputEvents = YES;
				INFOPLIST_KEY_UILaunchStoryboardName = LaunchScreen;
				INFOPLIST_KEY_UIMainStoryboardFile = Main;
				INFOPLIST_KEY_UISupportedInterfaceOrientations_iPad = "UIInterfaceOrientationPortrait UIInterfaceOrientationPortraitUpsideDown UIInterfaceOrientationLandscapeLeft UIInterfaceOrientationLandscapeRight";
				INFOPLIST_KEY_UISupportedInterfaceOrientations_iPhone = "UIInterfaceOrientationPortrait UIInterfaceOrientationLandscapeLeft UIInterfaceOrientationLandscapeRight";
				IPHONEOS_DEPLOYMENT_TARGET = 14.0;
				LD_RUNPATH_SEARCH_PATHS = (
					"$(inherited)",
					"@executable_path/Frameworks",
				);
				MARKETING_VERSION = 1.0;
				PRODUCT_BUNDLE_IDENTIFIER = "kakotocs.Pyonsnal-Color";
				PRODUCT_NAME = "$(TARGET_NAME)";
				SWIFT_EMIT_LOC_STRINGS = YES;
				SWIFT_VERSION = 5.0;
				TARGETED_DEVICE_FAMILY = "1,2";
			};
			name = Debug;
		};
		BA9E234D2A21EF3100A539D5 /* Release */ = {
			isa = XCBuildConfiguration;
			buildSettings = {
				ASSETCATALOG_COMPILER_APPICON_NAME = AppIcon;
				ASSETCATALOG_COMPILER_GLOBAL_ACCENT_COLOR_NAME = AccentColor;
				CODE_SIGN_STYLE = Automatic;
				CURRENT_PROJECT_VERSION = 1;
				DEVELOPMENT_TEAM = P7PUGAUP8K;
				GENERATE_INFOPLIST_FILE = YES;
				INFOPLIST_FILE = "Pyonsnal-Color/Resource/Info.plist";
				INFOPLIST_KEY_UIApplicationSupportsIndirectInputEvents = YES;
				INFOPLIST_KEY_UILaunchStoryboardName = LaunchScreen;
				INFOPLIST_KEY_UIMainStoryboardFile = Main;
				INFOPLIST_KEY_UISupportedInterfaceOrientations_iPad = "UIInterfaceOrientationPortrait UIInterfaceOrientationPortraitUpsideDown UIInterfaceOrientationLandscapeLeft UIInterfaceOrientationLandscapeRight";
				INFOPLIST_KEY_UISupportedInterfaceOrientations_iPhone = "UIInterfaceOrientationPortrait UIInterfaceOrientationLandscapeLeft UIInterfaceOrientationLandscapeRight";
				IPHONEOS_DEPLOYMENT_TARGET = 14.0;
				LD_RUNPATH_SEARCH_PATHS = (
					"$(inherited)",
					"@executable_path/Frameworks",
				);
				MARKETING_VERSION = 1.0;
				PRODUCT_BUNDLE_IDENTIFIER = "kakotocs.Pyonsnal-Color";
				PRODUCT_NAME = "$(TARGET_NAME)";
				SWIFT_EMIT_LOC_STRINGS = YES;
				SWIFT_VERSION = 5.0;
				TARGETED_DEVICE_FAMILY = "1,2";
			};
			name = Release;
		};
/* End XCBuildConfiguration section */

/* Begin XCConfigurationList section */
		BA9E23322A21EF3000A539D5 /* Build configuration list for PBXProject "Pyonsnal-Color" */ = {
			isa = XCConfigurationList;
			buildConfigurations = (
				BA9E23492A21EF3100A539D5 /* Debug */,
				BA9E234A2A21EF3100A539D5 /* Release */,
			);
			defaultConfigurationIsVisible = 0;
			defaultConfigurationName = Release;
		};
		BA9E234B2A21EF3100A539D5 /* Build configuration list for PBXNativeTarget "Pyonsnal-Color" */ = {
			isa = XCConfigurationList;
			buildConfigurations = (
				BA9E234C2A21EF3100A539D5 /* Debug */,
				BA9E234D2A21EF3100A539D5 /* Release */,
			);
			defaultConfigurationIsVisible = 0;
			defaultConfigurationName = Release;
		};
/* End XCConfigurationList section */

/* Begin XCRemoteSwiftPackageReference section */
		BA437F052A2357DF00C5DFA8 /* XCRemoteSwiftPackageReference "ModernRIBs" */ = {
			isa = XCRemoteSwiftPackageReference;
			repositoryURL = "https://github.com/DevYeom/ModernRIBs";
			requirement = {
				kind = upToNextMajorVersion;
				minimumVersion = 1.0.2;
			};
		};
/* End XCRemoteSwiftPackageReference section */

/* Begin XCSwiftPackageProductDependency section */
		BA437F062A2357DF00C5DFA8 /* ModernRIBs */ = {
			isa = XCSwiftPackageProductDependency;
			package = BA437F052A2357DF00C5DFA8 /* XCRemoteSwiftPackageReference "ModernRIBs" */;
			productName = ModernRIBs;
		};
/* End XCSwiftPackageProductDependency section */
	};
	rootObject = BA9E232F2A21EF3000A539D5 /* Project object */;
}
